
Microsoft Visual Studio Solution File, Format Version 12.00
# Visual Studio 2017
Project("{FAE04EC0-301F-11D3-BF4B-00C04F79EFBC}") = "hacktm.Plugins", "hacktm.Plugins.csproj", "{A4795DFA-6C07-1DFD-F8C5-502850E92FBF}"
EndProject
Project("{FAE04EC0-301F-11D3-BF4B-00C04F79EFBC}") = "hacktm", "hacktm.csproj", "{8D775FC3-5BFB-2AF4-E33C-A202B89A084F}"
EndProject
Project("{FAE04EC0-301F-11D3-BF4B-00C04F79EFBC}") = "hacktm.Editor.Plugins", "hacktm.Editor.Plugins.csproj", "{39A649CA-5A3A-F57D-1269-3145461BA082}"
EndProject
Global
	GlobalSection(SolutionConfigurationPlatforms) = preSolution
		Debug|Any CPU = Debug|Any CPU
		Release|Any CPU = Release|Any CPU
	EndGlobalSection
	GlobalSection(ProjectConfigurationPlatforms) = postSolution
		{A4795DFA-6C07-1DFD-F8C5-502850E92FBF}.Debug|Any CPU.ActiveCfg = Debug|Any CPU
		{A4795DFA-6C07-1DFD-F8C5-502850E92FBF}.Debug|Any CPU.Build.0 = Debug|Any CPU
		{A4795DFA-6C07-1DFD-F8C5-502850E92FBF}.Release|Any CPU.ActiveCfg = Release|Any CPU
		{A4795DFA-6C07-1DFD-F8C5-502850E92FBF}.Release|Any CPU.Build.0 = Release|Any CPU
		{8D775FC3-5BFB-2AF4-E33C-A202B89A084F}.Debug|Any CPU.ActiveCfg = Debug|Any CPU
		{8D775FC3-5BFB-2AF4-E33C-A202B89A084F}.Debug|Any CPU.Build.0 = Debug|Any CPU
		{8D775FC3-5BFB-2AF4-E33C-A202B89A084F}.Release|Any CPU.ActiveCfg = Release|Any CPU
		{8D775FC3-5BFB-2AF4-E33C-A202B89A084F}.Release|Any CPU.Build.0 = Release|Any CPU
		{39A649CA-5A3A-F57D-1269-3145461BA082}.Debug|Any CPU.ActiveCfg = Debug|Any CPU
		{39A649CA-5A3A-F57D-1269-3145461BA082}.Debug|Any CPU.Build.0 = Debug|Any CPU
		{39A649CA-5A3A-F57D-1269-3145461BA082}.Release|Any CPU.ActiveCfg = Release|Any CPU
		{39A649CA-5A3A-F57D-1269-3145461BA082}.Release|Any CPU.Build.0 = Release|Any CPU
	EndGlobalSection
	GlobalSection(SolutionProperties) = preSolution
		HideSolutionNode = FALSE
	EndGlobalSection
EndGlobal
