
Microsoft Visual Studio Solution File, Format Version 11.00
# Visual Studio 2010
Project("{FAE04EC0-301F-11D3-BF4B-00C04F79EFBC}") = "testare2", "Assembly-CSharp-firstpass.csproj", "{CDFD80C4-4912-3107-F8F0-7C2DB00AFDFA}"
EndProject
Project("{FAE04EC0-301F-11D3-BF4B-00C04F79EFBC}") = "testare2", "Assembly-CSharp.csproj", "{768621B8-1FE5-B52B-E189-D232A192C09D}"
EndProject
Project("{FAE04EC0-301F-11D3-BF4B-00C04F79EFBC}") = "testare2", "Assembly-CSharp-Editor-firstpass.csproj", "{7D2BA361-1C69-AF3C-38CB-FA96A8B8EE75}"
EndProject
Global
	GlobalSection(SolutionConfigurationPlatforms) = preSolution
		Debug|Any CPU = Debug|Any CPU
		Release|Any CPU = Release|Any CPU
	EndGlobalSection
	GlobalSection(ProjectConfigurationPlatforms) = postSolution
		{CDFD80C4-4912-3107-F8F0-7C2DB00AFDFA}.Debug|Any CPU.ActiveCfg = Debug|Any CPU
		{CDFD80C4-4912-3107-F8F0-7C2DB00AFDFA}.Debug|Any CPU.Build.0 = Debug|Any CPU
		{CDFD80C4-4912-3107-F8F0-7C2DB00AFDFA}.Release|Any CPU.ActiveCfg = Release|Any CPU
		{CDFD80C4-4912-3107-F8F0-7C2DB00AFDFA}.Release|Any CPU.Build.0 = Release|Any CPU
		{768621B8-1FE5-B52B-E189-D232A192C09D}.Debug|Any CPU.ActiveCfg = Debug|Any CPU
		{768621B8-1FE5-B52B-E189-D232A192C09D}.Debug|Any CPU.Build.0 = Debug|Any CPU
		{768621B8-1FE5-B52B-E189-D232A192C09D}.Release|Any CPU.ActiveCfg = Release|Any CPU
		{768621B8-1FE5-B52B-E189-D232A192C09D}.Release|Any CPU.Build.0 = Release|Any CPU
		{7D2BA361-1C69-AF3C-38CB-FA96A8B8EE75}.Debug|Any CPU.ActiveCfg = Debug|Any CPU
		{7D2BA361-1C69-AF3C-38CB-FA96A8B8EE75}.Debug|Any CPU.Build.0 = Debug|Any CPU
		{7D2BA361-1C69-AF3C-38CB-FA96A8B8EE75}.Release|Any CPU.ActiveCfg = Release|Any CPU
		{7D2BA361-1C69-AF3C-38CB-FA96A8B8EE75}.Release|Any CPU.Build.0 = Release|Any CPU
	EndGlobalSection
	GlobalSection(SolutionProperties) = preSolution
		HideSolutionNode = FALSE
	EndGlobalSection
	GlobalSection(MonoDevelopProperties) = preSolution
		StartupItem = Assembly-CSharp.csproj
	EndGlobalSection
EndGlobal
